
Microsoft Visual Studio Solution File, Format Version 12.00
# Visual Studio Version 17
VisualStudioVersion = 17.11.35222.181
MinimumVisualStudioVersion = 10.0.40219.1
Project("{9A19103F-16F7-4668-BE54-9A1E7A4F7556}") = "StudentApplication", "StudentApplication.csproj", "{D585F051-5366-4A7D-ADCA-E1291597CF7B}"
EndProject
Project("{9A19103F-16F7-4668-BE54-9A1E7A4F7556}") = "StudentApplication.Tests", "..\StudentApplication.Tests\StudentApplication.Tests.csproj", "{64203157-5516-400E-9281-6E3F26A7B2D6}"
EndProject
Global
	GlobalSection(SolutionConfigurationPlatforms) = preSolution
		Debug|Any CPU = Debug|Any CPU
		Release|Any CPU = Release|Any CPU
	EndGlobalSection
	GlobalSection(ProjectConfigurationPlatforms) = postSolution
		{D585F051-5366-4A7D-ADCA-E1291597CF7B}.Debug|Any CPU.ActiveCfg = Debug|Any CPU
		{D585F051-5366-4A7D-ADCA-E1291597CF7B}.Debug|Any CPU.Build.0 = Debug|Any CPU
		{D585F051-5366-4A7D-ADCA-E1291597CF7B}.Release|Any CPU.ActiveCfg = Release|Any CPU
		{D585F051-5366-4A7D-ADCA-E1291597CF7B}.Release|Any CPU.Build.0 = Release|Any CPU
		{64203157-5516-400E-9281-6E3F26A7B2D6}.Debug|Any CPU.ActiveCfg = Debug|Any CPU
		{64203157-5516-400E-9281-6E3F26A7B2D6}.Debug|Any CPU.Build.0 = Debug|Any CPU
		{64203157-5516-400E-9281-6E3F26A7B2D6}.Release|Any CPU.ActiveCfg = Release|Any CPU
		{64203157-5516-400E-9281-6E3F26A7B2D6}.Release|Any CPU.Build.0 = Release|Any CPU
	EndGlobalSection
	GlobalSection(SolutionProperties) = preSolution
		HideSolutionNode = FALSE
	EndGlobalSection
	GlobalSection(ExtensibilityGlobals) = postSolution
		SolutionGuid = {B193B40A-D4E4-4DFF-B679-162597688628}
	EndGlobalSection
EndGlobal
